{
  "name": "@definejs/toast",
  "version": "0.1.0",
  "lockfileVersion": 1,
  "requires": true,
  "dependencies": {
    "@definejs/emitter": {
      "version": "0.1.4",
      "resolved": "https://registry.npmjs.org/@definejs/emitter/-/emitter-0.1.4.tgz",
      "integrity": "sha512-vg23Vqhdg3ifYT+SzDOjrIFTMDcivDZUWDo5c5AHyX5L5TsjWaEos3rOoX3FmPit0lEY0mCMVAeW4kT2c43N+w==",
      "requires": {
        "@definejs/object": "^0.1.2",
        "@definejs/tree": "^0.1.4"
      }
    },
    "@definejs/masker": {
      "version": "0.1.3",
      "resolved": "https://registry.npmjs.org/@definejs/masker/-/masker-0.1.3.tgz",
      "integrity": "sha512-Q02odyluYpHGNfFIKGb6CuW7pRjr/gR7XFbZr4yqeymNnQ6PfTQPO77ep6KwF/tNKL/n7k5Lf4EtYo6K+p75kA==",
      "requires": {
        "@definejs/emitter": "^0.1.3",
        "@definejs/object": "^0.1.6",
        "@definejs/string": "^0.1.4",
        "@definejs/style": "^0.1.0",
        "jquery": "^3.5.1"
      }
    },
    "@definejs/object": {
      "version": "0.1.7",
      "resolved": "https://registry.npmjs.org/@definejs/object/-/object-0.1.7.tgz",
      "integrity": "sha512-Km1+636onFmYOTFMPEYK5tjnYlvIk+cGS/eGV/k5YF4fMoZMIouY8MiBtb5Gn5iUKlepr/iFeqCZ6vci6gYFxQ=="
    },
    "@definejs/string": {
      "version": "0.1.5",
      "resolved": "https://registry.npmjs.org/@definejs/string/-/string-0.1.5.tgz",
      "integrity": "sha512-vQBMujgfLJdZOoxizeJUO87n50z/wQIkiwnFedChl8H9IuEa8FuKMIeZ2cQb1q0tphIPLTiXe4Mh+N5oe1NT5w=="
    },
    "@definejs/style": {
      "version": "0.1.0",
      "resolved": "https://registry.npmjs.org/@definejs/style/-/style-0.1.0.tgz",
      "integrity": "sha512-J+sLpT0zS3oIhXm+EXX9iREhIhhwWhcWIag+raLuRb9RsCvVJTJ6SVq3ez0E71c2mlq6i8cbzTKp4m7vtCnCpw==",
      "requires": {
        "@definejs/object": "^0.1.5"
      }
    },
    "@definejs/tree": {
      "version": "0.1.5",
      "resolved": "https://registry.npmjs.org/@definejs/tree/-/tree-0.1.5.tgz",
      "integrity": "sha512-fuHw1Z2S8NlUUJiafnDc5PplSJflTtwy3cG/NaOT/YO3zcKEiP5DHk2a0Omq1Eeyhe4ynepY8IqhXaH937Uefg==",
      "requires": {
        "@definejs/object": "^0.1.0"
      }
    },
    "font-awesome": {
      "version": "4.7.0",
      "resolved": "https://registry.npmjs.org/font-awesome/-/font-awesome-4.7.0.tgz",
      "integrity": "sha1-j6jPBBGhoxr9B7BtKQK7n8gVoTM="
    },
    "jquery": {
      "version": "3.5.1",
      "resolved": "https://registry.npmjs.org/jquery/-/jquery-3.5.1.tgz",
      "integrity": "sha512-XwIBPqcMn57FxfT+Go5pzySnm4KWkT1Tv7gjrpT1srtf8Weynl6R273VJ5GjkRb51IzMp5nbaPjJXMWeju2MKg=="
    }
  }
}
